
Microsoft Visual Studio Solution File, Format Version 12.00
# Visual Studio Version 16
VisualStudioVersion = 16.0.29709.97
MinimumVisualStudioVersion = 10.0.40219.1
Project("{FAE04EC0-301F-11D3-BF4B-00C04F79EFBC}") = "Saper", "Saper\Saper.csproj", "{D3B5834F-E6C7-4839-A93F-F170FB003A12}"
EndProject
Global
	GlobalSection(SolutionConfigurationPlatforms) = preSolution
		Debug|Any CPU = Debug|Any CPU
		Release|Any CPU = Release|Any CPU
	EndGlobalSection
	GlobalSection(ProjectConfigurationPlatforms) = postSolution
		{D3B5834F-E6C7-4839-A93F-F170FB003A12}.Debug|Any CPU.ActiveCfg = Debug|Any CPU
		{D3B5834F-E6C7-4839-A93F-F170FB003A12}.Debug|Any CPU.Build.0 = Debug|Any CPU
		{D3B5834F-E6C7-4839-A93F-F170FB003A12}.Release|Any CPU.ActiveCfg = Release|Any CPU
		{D3B5834F-E6C7-4839-A93F-F170FB003A12}.Release|Any CPU.Build.0 = Release|Any CPU
	EndGlobalSection
	GlobalSection(SolutionProperties) = preSolution
		HideSolutionNode = FALSE
	EndGlobalSection
	GlobalSection(ExtensibilityGlobals) = postSolution
		SolutionGuid = {000173E9-064C-41AC-9139-A2F76C80FEA2}
	EndGlobalSection
EndGlobal
